
Microsoft Visual Studio Solution File, Format Version 12.00
# Visual Studio Version 17
VisualStudioVersion = 17.2.32616.157
MinimumVisualStudioVersion = 10.0.40219.1
Project("{FAE04EC0-301F-11D3-BF4B-00C04F79EFBC}") = "JollyWizard.Quantower.Setup", "JollyWizard.Quantower.Setup.csproj", "{29E04BCC-2A69-4857-8CED-47B4C57077FB}"
EndProject
Global
	GlobalSection(SolutionConfigurationPlatforms) = preSolution
		Debug|Any CPU = Debug|Any CPU
		Release|Any CPU = Release|Any CPU
	EndGlobalSection
	GlobalSection(ProjectConfigurationPlatforms) = postSolution
		{29E04BCC-2A69-4857-8CED-47B4C57077FB}.Debug|Any CPU.ActiveCfg = Debug|Any CPU
		{29E04BCC-2A69-4857-8CED-47B4C57077FB}.Debug|Any CPU.Build.0 = Debug|Any CPU
		{29E04BCC-2A69-4857-8CED-47B4C57077FB}.Release|Any CPU.ActiveCfg = Release|Any CPU
		{29E04BCC-2A69-4857-8CED-47B4C57077FB}.Release|Any CPU.Build.0 = Release|Any CPU
	EndGlobalSection
	GlobalSection(SolutionProperties) = preSolution
		HideSolutionNode = FALSE
	EndGlobalSection
	GlobalSection(ExtensibilityGlobals) = postSolution
		SolutionGuid = {AE00869A-E433-40F0-ADB8-9F36024B8D58}
	EndGlobalSection
EndGlobal
